
Microsoft Visual Studio Solution File, Format Version 12.00
# Visual Studio 15
VisualStudioVersion = 15.0.28307.757
MinimumVisualStudioVersion = 10.0.40219.1
Project("{FAE04EC0-301F-11D3-BF4B-00C04F79EFBC}") = "NSubstitute1", "NSubstitute1\NSubstitute1.csproj", "{A0248223-D22B-497D-B6DD-ED4B965B7ACD}"
EndProject
Project("{FAE04EC0-301F-11D3-BF4B-00C04F79EFBC}") = "WpfApp1", "WpfApp1\WpfApp1.csproj", "{6136BDCC-0018-4DB9-946C-D257645A7473}"
EndProject
Project("{FAE04EC0-301F-11D3-BF4B-00C04F79EFBC}") = "WpfApp3", "WpfApp3\WpfApp3.csproj", "{15EBF0C7-99A0-43E0-98D6-50F0527371A4}"
EndProject
Project("{FAE04EC0-301F-11D3-BF4B-00C04F79EFBC}") = "Copy_With_FileSistem", "Copy_With_FileSistem\Copy_With_FileSistem.csproj", "{2BCB443A-58E7-4664-A82D-9E4BF36DD3B3}"
EndProject
Project("{FAE04EC0-301F-11D3-BF4B-00C04F79EFBC}") = "AsyncTry", "AsyncTry\AsyncTry.csproj", "{23C37EC1-4A4E-4FF6-9505-F0BE2B72FA01}"
EndProject
Global
	GlobalSection(SolutionConfigurationPlatforms) = preSolution
		Debug|Any CPU = Debug|Any CPU
		Release|Any CPU = Release|Any CPU
	EndGlobalSection
	GlobalSection(ProjectConfigurationPlatforms) = postSolution
		{A0248223-D22B-497D-B6DD-ED4B965B7ACD}.Debug|Any CPU.ActiveCfg = Debug|Any CPU
		{A0248223-D22B-497D-B6DD-ED4B965B7ACD}.Debug|Any CPU.Build.0 = Debug|Any CPU
		{A0248223-D22B-497D-B6DD-ED4B965B7ACD}.Release|Any CPU.ActiveCfg = Release|Any CPU
		{A0248223-D22B-497D-B6DD-ED4B965B7ACD}.Release|Any CPU.Build.0 = Release|Any CPU
		{6136BDCC-0018-4DB9-946C-D257645A7473}.Debug|Any CPU.ActiveCfg = Debug|Any CPU
		{6136BDCC-0018-4DB9-946C-D257645A7473}.Debug|Any CPU.Build.0 = Debug|Any CPU
		{6136BDCC-0018-4DB9-946C-D257645A7473}.Release|Any CPU.ActiveCfg = Release|Any CPU
		{6136BDCC-0018-4DB9-946C-D257645A7473}.Release|Any CPU.Build.0 = Release|Any CPU
		{15EBF0C7-99A0-43E0-98D6-50F0527371A4}.Debug|Any CPU.ActiveCfg = Debug|Any CPU
		{15EBF0C7-99A0-43E0-98D6-50F0527371A4}.Debug|Any CPU.Build.0 = Debug|Any CPU
		{15EBF0C7-99A0-43E0-98D6-50F0527371A4}.Release|Any CPU.ActiveCfg = Release|Any CPU
		{15EBF0C7-99A0-43E0-98D6-50F0527371A4}.Release|Any CPU.Build.0 = Release|Any CPU
		{2BCB443A-58E7-4664-A82D-9E4BF36DD3B3}.Debug|Any CPU.ActiveCfg = Debug|Any CPU
		{2BCB443A-58E7-4664-A82D-9E4BF36DD3B3}.Debug|Any CPU.Build.0 = Debug|Any CPU
		{2BCB443A-58E7-4664-A82D-9E4BF36DD3B3}.Release|Any CPU.ActiveCfg = Release|Any CPU
		{2BCB443A-58E7-4664-A82D-9E4BF36DD3B3}.Release|Any CPU.Build.0 = Release|Any CPU
		{23C37EC1-4A4E-4FF6-9505-F0BE2B72FA01}.Debug|Any CPU.ActiveCfg = Debug|Any CPU
		{23C37EC1-4A4E-4FF6-9505-F0BE2B72FA01}.Debug|Any CPU.Build.0 = Debug|Any CPU
		{23C37EC1-4A4E-4FF6-9505-F0BE2B72FA01}.Release|Any CPU.ActiveCfg = Release|Any CPU
		{23C37EC1-4A4E-4FF6-9505-F0BE2B72FA01}.Release|Any CPU.Build.0 = Release|Any CPU
	EndGlobalSection
	GlobalSection(SolutionProperties) = preSolution
		HideSolutionNode = FALSE
	EndGlobalSection
	GlobalSection(ExtensibilityGlobals) = postSolution
		SolutionGuid = {27C69832-848D-460D-94FE-8339053D4244}
	EndGlobalSection
EndGlobal
